
Microsoft Visual Studio Solution File, Format Version 12.00
# Visual Studio Version 16
VisualStudioVersion = 16.0.30717.126
MinimumVisualStudioVersion = 10.0.40219.1
Project("{9A19103F-16F7-4668-BE54-9A1E7A4F7556}") = "StudyCase", "StudyCase\StudyCase.csproj", "{118598AF-742E-4D69-ABBE-939D33549BC2}"
EndProject
Project("{9A19103F-16F7-4668-BE54-9A1E7A4F7556}") = "StudyCase.Producer", "StudyCase.Producer\StudyCase.Producer.csproj", "{13B9A177-24CA-4CD8-96FF-5DE08AA875B1}"
EndProject
Project("{9A19103F-16F7-4668-BE54-9A1E7A4F7556}") = "StudyCase.Consumer", "StudyCase.Consumer\StudyCase.Consumer.csproj", "{506B3EA5-FC2C-4917-AD3B-103D64ADBC9D}"
EndProject
Project("{9A19103F-16F7-4668-BE54-9A1E7A4F7556}") = "StudyCase.Application", "StudyCase.Application\StudyCase.Application.csproj", "{BFB21FC5-3694-4C40-B15A-C2931EA4D7FF}"
EndProject
Project("{9A19103F-16F7-4668-BE54-9A1E7A4F7556}") = "StudyCase.Domain", "StudyCase.Domain\StudyCase.Domain.csproj", "{C5B7C0ED-79F2-4638-87AE-08CD9AAC1927}"
EndProject
Project("{9A19103F-16F7-4668-BE54-9A1E7A4F7556}") = "StudyCase.Domain.CQ", "StudyCase.Domain.CQ\StudyCase.Domain.CQ.csproj", "{907763F8-63D3-4C48-9E58-DF691F1CB494}"
EndProject
Project("{9A19103F-16F7-4668-BE54-9A1E7A4F7556}") = "StudyCase.Contract", "StudyCase.Contract\StudyCase.Contract.csproj", "{7413E236-872B-4416-8DB1-8C0465042259}"
EndProject
Project("{9A19103F-16F7-4668-BE54-9A1E7A4F7556}") = "StudyCase.Repository", "StudyCase.Repository\StudyCase.Repository.csproj", "{414708B2-2801-4FFB-989A-BC54B0B5201C}"
EndProject
Project("{9A19103F-16F7-4668-BE54-9A1E7A4F7556}") = "StudyCase.DTO", "StudyCase.DTO\StudyCase.DTO.csproj", "{43935C96-4435-43DA-B6DD-5D67368CF00B}"
EndProject
Global
	GlobalSection(SolutionConfigurationPlatforms) = preSolution
		Debug|Any CPU = Debug|Any CPU
		Release|Any CPU = Release|Any CPU
	EndGlobalSection
	GlobalSection(ProjectConfigurationPlatforms) = postSolution
		{118598AF-742E-4D69-ABBE-939D33549BC2}.Debug|Any CPU.ActiveCfg = Debug|Any CPU
		{118598AF-742E-4D69-ABBE-939D33549BC2}.Debug|Any CPU.Build.0 = Debug|Any CPU
		{118598AF-742E-4D69-ABBE-939D33549BC2}.Release|Any CPU.ActiveCfg = Release|Any CPU
		{118598AF-742E-4D69-ABBE-939D33549BC2}.Release|Any CPU.Build.0 = Release|Any CPU
		{13B9A177-24CA-4CD8-96FF-5DE08AA875B1}.Debug|Any CPU.ActiveCfg = Debug|Any CPU
		{13B9A177-24CA-4CD8-96FF-5DE08AA875B1}.Debug|Any CPU.Build.0 = Debug|Any CPU
		{13B9A177-24CA-4CD8-96FF-5DE08AA875B1}.Release|Any CPU.ActiveCfg = Release|Any CPU
		{13B9A177-24CA-4CD8-96FF-5DE08AA875B1}.Release|Any CPU.Build.0 = Release|Any CPU
		{506B3EA5-FC2C-4917-AD3B-103D64ADBC9D}.Debug|Any CPU.ActiveCfg = Debug|Any CPU
		{506B3EA5-FC2C-4917-AD3B-103D64ADBC9D}.Debug|Any CPU.Build.0 = Debug|Any CPU
		{506B3EA5-FC2C-4917-AD3B-103D64ADBC9D}.Release|Any CPU.ActiveCfg = Release|Any CPU
		{506B3EA5-FC2C-4917-AD3B-103D64ADBC9D}.Release|Any CPU.Build.0 = Release|Any CPU
		{BFB21FC5-3694-4C40-B15A-C2931EA4D7FF}.Debug|Any CPU.ActiveCfg = Debug|Any CPU
		{BFB21FC5-3694-4C40-B15A-C2931EA4D7FF}.Debug|Any CPU.Build.0 = Debug|Any CPU
		{BFB21FC5-3694-4C40-B15A-C2931EA4D7FF}.Release|Any CPU.ActiveCfg = Release|Any CPU
		{BFB21FC5-3694-4C40-B15A-C2931EA4D7FF}.Release|Any CPU.Build.0 = Release|Any CPU
		{C5B7C0ED-79F2-4638-87AE-08CD9AAC1927}.Debug|Any CPU.ActiveCfg = Debug|Any CPU
		{C5B7C0ED-79F2-4638-87AE-08CD9AAC1927}.Debug|Any CPU.Build.0 = Debug|Any CPU
		{C5B7C0ED-79F2-4638-87AE-08CD9AAC1927}.Release|Any CPU.ActiveCfg = Release|Any CPU
		{C5B7C0ED-79F2-4638-87AE-08CD9AAC1927}.Release|Any CPU.Build.0 = Release|Any CPU
		{907763F8-63D3-4C48-9E58-DF691F1CB494}.Debug|Any CPU.ActiveCfg = Debug|Any CPU
		{907763F8-63D3-4C48-9E58-DF691F1CB494}.Debug|Any CPU.Build.0 = Debug|Any CPU
		{907763F8-63D3-4C48-9E58-DF691F1CB494}.Release|Any CPU.ActiveCfg = Release|Any CPU
		{907763F8-63D3-4C48-9E58-DF691F1CB494}.Release|Any CPU.Build.0 = Release|Any CPU
		{7413E236-872B-4416-8DB1-8C0465042259}.Debug|Any CPU.ActiveCfg = Debug|Any CPU
		{7413E236-872B-4416-8DB1-8C0465042259}.Debug|Any CPU.Build.0 = Debug|Any CPU
		{7413E236-872B-4416-8DB1-8C0465042259}.Release|Any CPU.ActiveCfg = Release|Any CPU
		{7413E236-872B-4416-8DB1-8C0465042259}.Release|Any CPU.Build.0 = Release|Any CPU
		{414708B2-2801-4FFB-989A-BC54B0B5201C}.Debug|Any CPU.ActiveCfg = Debug|Any CPU
		{414708B2-2801-4FFB-989A-BC54B0B5201C}.Debug|Any CPU.Build.0 = Debug|Any CPU
		{414708B2-2801-4FFB-989A-BC54B0B5201C}.Release|Any CPU.ActiveCfg = Release|Any CPU
		{414708B2-2801-4FFB-989A-BC54B0B5201C}.Release|Any CPU.Build.0 = Release|Any CPU
		{43935C96-4435-43DA-B6DD-5D67368CF00B}.Debug|Any CPU.ActiveCfg = Debug|Any CPU
		{43935C96-4435-43DA-B6DD-5D67368CF00B}.Debug|Any CPU.Build.0 = Debug|Any CPU
		{43935C96-4435-43DA-B6DD-5D67368CF00B}.Release|Any CPU.ActiveCfg = Release|Any CPU
		{43935C96-4435-43DA-B6DD-5D67368CF00B}.Release|Any CPU.Build.0 = Release|Any CPU
	EndGlobalSection
	GlobalSection(SolutionProperties) = preSolution
		HideSolutionNode = FALSE
	EndGlobalSection
	GlobalSection(ExtensibilityGlobals) = postSolution
		SolutionGuid = {CE618815-B523-4FD6-8A0A-6BB16D726E7D}
	EndGlobalSection
EndGlobal
